// !$*UTF8*$!
{
	archiveVersion = 1;
	classes = {
	};
	objectVersion = 56;
	objects = {

/* Begin PBXBuildFile section */
		212F488F2977372A004C0308 /* main.cpp in Sources */ = {isa = PBXBuildFile; fileRef = 212F488E2977372A004C0308 /* main.cpp */; };
		212F489A29773A00004C0308 /* utilities.cpp in Sources */ = {isa = PBXBuildFile; fileRef = 212F489829773A00004C0308 /* utilities.cpp */; };
		212F489D29773EA4004C0308 /* Arena.cpp in Sources */ = {isa = PBXBuildFile; fileRef = 212F489B29773EA4004C0308 /* Arena.cpp */; };
		212F48A0297740AF004C0308 /* Rabbit.cpp in Sources */ = {isa = PBXBuildFile; fileRef = 212F489E297740AF004C0308 /* Rabbit.cpp */; };
		212F48A3297740CB004C0308 /* Player.cpp in Sources */ = {isa = PBXBuildFile; fileRef = 212F48A1297740CB004C0308 /* Player.cpp */; };
		212F48A6297740DC004C0308 /* History.cpp in Sources */ = {isa = PBXBuildFile; fileRef = 212F48A4297740DC004C0308 /* History.cpp */; };
		212F48A9297740F9004C0308 /* Game.cpp in Sources */ = {isa = PBXBuildFile; fileRef = 212F48A7297740F9004C0308 /* Game.cpp */; };
/* End PBXBuildFile section */

/* Begin PBXCopyFilesBuildPhase section */
		212F48892977372A004C0308 /* CopyFiles */ = {
			isa = PBXCopyFilesBuildPhase;
			buildActionMask = 2147483647;
			dstPath = /usr/share/man/man1/;
			dstSubfolderSpec = 0;
			files = (
			);
			runOnlyForDeploymentPostprocessing = 1;
		};
/* End PBXCopyFilesBuildPhase section */

/* Begin PBXFileReference section */
		212F488B2977372A004C0308 /* rabbitgame */ = {isa = PBXFileReference; explicitFileType = "compiled.mach-o.executable"; includeInIndex = 0; path = rabbitgame; sourceTree = BUILT_PRODUCTS_DIR; };
		212F488E2977372A004C0308 /* main.cpp */ = {isa = PBXFileReference; lastKnownFileType = sourcecode.cpp.cpp; path = main.cpp; sourceTree = "<group>"; };
		212F489829773A00004C0308 /* utilities.cpp */ = {isa = PBXFileReference; lastKnownFileType = sourcecode.cpp.cpp; path = utilities.cpp; sourceTree = "<group>"; };
		212F489929773A00004C0308 /* globals.h */ = {isa = PBXFileReference; lastKnownFileType = sourcecode.c.h; path = globals.h; sourceTree = "<group>"; };
		212F489B29773EA4004C0308 /* Arena.cpp */ = {isa = PBXFileReference; lastKnownFileType = sourcecode.cpp.cpp; path = Arena.cpp; sourceTree = "<group>"; };
		212F489C29773EA4004C0308 /* Arena.h */ = {isa = PBXFileReference; lastKnownFileType = sourcecode.c.h; path = Arena.h; sourceTree = "<group>"; };
		212F489E297740AF004C0308 /* Rabbit.cpp */ = {isa = PBXFileReference; lastKnownFileType = sourcecode.cpp.cpp; path = Rabbit.cpp; sourceTree = "<group>"; };
		212F489F297740AF004C0308 /* Rabbit.h */ = {isa = PBXFileReference; lastKnownFileType = sourcecode.c.h; path = Rabbit.h; sourceTree = "<group>"; };
		212F48A1297740CB004C0308 /* Player.cpp */ = {isa = PBXFileReference; lastKnownFileType = sourcecode.cpp.cpp; path = Player.cpp; sourceTree = "<group>"; };
		212F48A2297740CB004C0308 /* Player.h */ = {isa = PBXFileReference; lastKnownFileType = sourcecode.c.h; path = Player.h; sourceTree = "<group>"; };
		212F48A4297740DC004C0308 /* History.cpp */ = {isa = PBXFileReference; lastKnownFileType = sourcecode.cpp.cpp; path = History.cpp; sourceTree = "<group>"; };
		212F48A5297740DC004C0308 /* History.h */ = {isa = PBXFileReference; lastKnownFileType = sourcecode.c.h; path = History.h; sourceTree = "<group>"; };
		212F48A7297740F9004C0308 /* Game.cpp */ = {isa = PBXFileReference; lastKnownFileType = sourcecode.cpp.cpp; path = Game.cpp; sourceTree = "<group>"; };
		212F48A8297740F9004C0308 /* Game.h */ = {isa = PBXFileReference; lastKnownFileType = sourcecode.c.h; path = Game.h; sourceTree = "<group>"; };
/* End PBXFileReference section */

/* Begin PBXFrameworksBuildPhase section */
		212F48882977372A004C0308 /* Frameworks */ = {
			isa = PBXFrameworksBuildPhase;
			buildActionMask = 2147483647;
			files = (
			);
			runOnlyForDeploymentPostprocessing = 0;
		};
/* End PBXFrameworksBuildPhase section */

/* Begin PBXGroup section */
		212F488229773729004C0308 = {
			isa = PBXGroup;
			children = (
				212F488D2977372A004C0308 /* rabbitgame */,
				212F488C2977372A004C0308 /* Products */,
			);
			sourceTree = "<group>";
		};
		212F488C2977372A004C0308 /* Products */ = {
			isa = PBXGroup;
			children = (
				212F488B2977372A004C0308 /* rabbitgame */,
			);
			name = Products;
			sourceTree = "<group>";
		};
		212F488D2977372A004C0308 /* rabbitgame */ = {
			isa = PBXGroup;
			children = (
				212F488E2977372A004C0308 /* main.cpp */,
				212F489829773A00004C0308 /* utilities.cpp */,
				212F489929773A00004C0308 /* globals.h */,
				212F489E297740AF004C0308 /* Rabbit.cpp */,
				212F489F297740AF004C0308 /* Rabbit.h */,
				212F48A1297740CB004C0308 /* Player.cpp */,
				212F48A2297740CB004C0308 /* Player.h */,
				212F48A4297740DC004C0308 /* History.cpp */,
				212F48A5297740DC004C0308 /* History.h */,
				212F489B29773EA4004C0308 /* Arena.cpp */,
				212F489C29773EA4004C0308 /* Arena.h */,
				212F48A7297740F9004C0308 /* Game.cpp */,
				212F48A8297740F9004C0308 /* Game.h */,
			);
			path = rabbitgame;
			sourceTree = "<group>";
		};
/* End PBXGroup section */

/* Begin PBXNativeTarget section */
		212F488A2977372A004C0308 /* rabbitgame */ = {
			isa = PBXNativeTarget;
			buildConfigurationList = 212F48922977372A004C0308 /* Build configuration list for PBXNativeTarget "rabbitgame" */;
			buildPhases = (
				212F48872977372A004C0308 /* Sources */,
				212F48882977372A004C0308 /* Frameworks */,
				212F48892977372A004C0308 /* CopyFiles */,
			);
			buildRules = (
			);
			dependencies = (
			);
			name = rabbitgame;
			productName = rabbitgame;
			productReference = 212F488B2977372A004C0308 /* rabbitgame */;
			productType = "com.apple.product-type.tool";
		};
/* End PBXNativeTarget section */

/* Begin PBXProject section */
		212F488329773729004C0308 /* Project object */ = {
			isa = PBXProject;
			attributes = {
				BuildIndependentTargetsInParallel = 1;
				LastUpgradeCheck = 1400;
				TargetAttributes = {
					212F488A2977372A004C0308 = {
						CreatedOnToolsVersion = 14.0.1;
					};
				};
			};
			buildConfigurationList = 212F488629773729004C0308 /* Build configuration list for PBXProject "rabbitgame" */;
			compatibilityVersion = "Xcode 14.0";
			developmentRegion = en;
			hasScannedForEncodings = 0;
			knownRegions = (
				en,
				Base,
			);
			mainGroup = 212F488229773729004C0308;
			productRefGroup = 212F488C2977372A004C0308 /* Products */;
			projectDirPath = "";
			projectRoot = "";
			targets = (
				212F488A2977372A004C0308 /* rabbitgame */,
			);
		};
/* End PBXProject section */

/* Begin PBXSourcesBuildPhase section */
		212F48872977372A004C0308 /* Sources */ = {
			isa = PBXSourcesBuildPhase;
			buildActionMask = 2147483647;
			files = (
				212F48A6297740DC004C0308 /* History.cpp in Sources */,
				212F489A29773A00004C0308 /* utilities.cpp in Sources */,
				212F488F2977372A004C0308 /* main.cpp in Sources */,
				212F489D29773EA4004C0308 /* Arena.cpp in Sources */,
				212F48A0297740AF004C0308 /* Rabbit.cpp in Sources */,
				212F48A3297740CB004C0308 /* Player.cpp in Sources */,
				212F48A9297740F9004C0308 /* Game.cpp in Sources */,
			);
			runOnlyForDeploymentPostprocessing = 0;
		};
/* End PBXSourcesBuildPhase section */

/* Begin XCBuildConfiguration section */
		212F48902977372A004C0308 /* Debug */ = {
			isa = XCBuildConfiguration;
			buildSettings = {
				ALWAYS_SEARCH_USER_PATHS = NO;
				CLANG_ANALYZER_NONNULL = YES;
				CLANG_ANALYZER_NUMBER_OBJECT_CONVERSION = YES_AGGRESSIVE;
				CLANG_CXX_LANGUAGE_STANDARD = "gnu++20";
				CLANG_ENABLE_MODULES = YES;
				CLANG_ENABLE_OBJC_ARC = YES;
				CLANG_ENABLE_OBJC_WEAK = YES;
				CLANG_WARN_BLOCK_CAPTURE_AUTORELEASING = YES;
				CLANG_WARN_BOOL_CONVERSION = YES;
				CLANG_WARN_COMMA = YES;
				CLANG_WARN_CONSTANT_CONVERSION = YES;
				CLANG_WARN_DEPRECATED_OBJC_IMPLEMENTATIONS = YES;
				CLANG_WARN_DIRECT_OBJC_ISA_USAGE = YES_ERROR;
				CLANG_WARN_DOCUMENTATION_COMMENTS = YES;
				CLANG_WARN_EMPTY_BODY = YES;
				CLANG_WARN_ENUM_CONVERSION = YES;
				CLANG_WARN_INFINITE_RECURSION = YES;
				CLANG_WARN_INT_CONVERSION = YES;
				CLANG_WARN_NON_LITERAL_NULL_CONVERSION = YES;
				CLANG_WARN_OBJC_IMPLICIT_RETAIN_SELF = YES;
				CLANG_WARN_OBJC_LITERAL_CONVERSION = YES;
				CLANG_WARN_OBJC_ROOT_CLASS = YES_ERROR;
				CLANG_WARN_QUOTED_INCLUDE_IN_FRAMEWORK_HEADER = YES;
				CLANG_WARN_RANGE_LOOP_ANALYSIS = YES;
				CLANG_WARN_STRICT_PROTOTYPES = YES;
				CLANG_WARN_SUSPICIOUS_MOVE = YES;
				CLANG_WARN_UNGUARDED_AVAILABILITY = YES_AGGRESSIVE;
				CLANG_WARN_UNREACHABLE_CODE = YES;
				CLANG_WARN__DUPLICATE_METHOD_MATCH = YES;
				COPY_PHASE_STRIP = NO;
				DEBUG_INFORMATION_FORMAT = dwarf;
				ENABLE_STRICT_OBJC_MSGSEND = YES;
				ENABLE_TESTABILITY = YES;
				GCC_C_LANGUAGE_STANDARD = gnu11;
				GCC_DYNAMIC_NO_PIC = NO;
				GCC_NO_COMMON_BLOCKS = YES;
				GCC_OPTIMIZATION_LEVEL = 0;
				GCC_PREPROCESSOR_DEFINITIONS = (
					"DEBUG=1",
					"$(inherited)",
				);
				GCC_WARN_64_TO_32_BIT_CONVERSION = YES;
				GCC_WARN_ABOUT_RETURN_TYPE = YES_ERROR;
				GCC_WARN_UNDECLARED_SELECTOR = YES;
				GCC_WARN_UNINITIALIZED_AUTOS = YES_AGGRESSIVE;
				GCC_WARN_UNUSED_FUNCTION = YES;
				GCC_WARN_UNUSED_VARIABLE = YES;
				MACOSX_DEPLOYMENT_TARGET = 12.3;
				MTL_ENABLE_DEBUG_INFO = INCLUDE_SOURCE;
				MTL_FAST_MATH = YES;
				ONLY_ACTIVE_ARCH = YES;
				SDKROOT = macosx;
			};
			name = Debug;
		};
		212F48912977372A004C0308 /* Release */ = {
			isa = XCBuildConfiguration;
			buildSettings = {
				ALWAYS_SEARCH_USER_PATHS = NO;
				CLANG_ANALYZER_NONNULL = YES;
				CLANG_ANALYZER_NUMBER_OBJECT_CONVERSION = YES_AGGRESSIVE;
				CLANG_CXX_LANGUAGE_STANDARD = "gnu++20";
				CLANG_ENABLE_MODULES = YES;
				CLANG_ENABLE_OBJC_ARC = YES;
				CLANG_ENABLE_OBJC_WEAK = YES;
				CLANG_WARN_BLOCK_CAPTURE_AUTORELEASING = YES;
				CLANG_WARN_BOOL_CONVERSION = YES;
				CLANG_WARN_COMMA = YES;
				CLANG_WARN_CONSTANT_CONVERSION = YES;
				CLANG_WARN_DEPRECATED_OBJC_IMPLEMENTATIONS = YES;
				CLANG_WARN_DIRECT_OBJC_ISA_USAGE = YES_ERROR;
				CLANG_WARN_DOCUMENTATION_COMMENTS = YES;
				CLANG_WARN_EMPTY_BODY = YES;
				CLANG_WARN_ENUM_CONVERSION = YES;
				CLANG_WARN_INFINITE_RECURSION = YES;
				CLANG_WARN_INT_CONVERSION = YES;
				CLANG_WARN_NON_LITERAL_NULL_CONVERSION = YES;
				CLANG_WARN_OBJC_IMPLICIT_RETAIN_SELF = YES;
				CLANG_WARN_OBJC_LITERAL_CONVERSION = YES;
				CLANG_WARN_OBJC_ROOT_CLASS = YES_ERROR;
				CLANG_WARN_QUOTED_INCLUDE_IN_FRAMEWORK_HEADER = YES;
				CLANG_WARN_RANGE_LOOP_ANALYSIS = YES;
				CLANG_WARN_STRICT_PROTOTYPES = YES;
				CLANG_WARN_SUSPICIOUS_MOVE = YES;
				CLANG_WARN_UNGUARDED_AVAILABILITY = YES_AGGRESSIVE;
				CLANG_WARN_UNREACHABLE_CODE = YES;
				CLANG_WARN__DUPLICATE_METHOD_MATCH = YES;
				COPY_PHASE_STRIP = NO;
				DEBUG_INFORMATION_FORMAT = "dwarf-with-dsym";
				ENABLE_NS_ASSERTIONS = NO;
				ENABLE_STRICT_OBJC_MSGSEND = YES;
				GCC_C_LANGUAGE_STANDARD = gnu11;
				GCC_NO_COMMON_BLOCKS = YES;
				GCC_WARN_64_TO_32_BIT_CONVERSION = YES;
				GCC_WARN_ABOUT_RETURN_TYPE = YES_ERROR;
				GCC_WARN_UNDECLARED_SELECTOR = YES;
				GCC_WARN_UNINITIALIZED_AUTOS = YES_AGGRESSIVE;
				GCC_WARN_UNUSED_FUNCTION = YES;
				GCC_WARN_UNUSED_VARIABLE = YES;
				MACOSX_DEPLOYMENT_TARGET = 12.3;
				MTL_ENABLE_DEBUG_INFO = NO;
				MTL_FAST_MATH = YES;
				SDKROOT = macosx;
			};
			name = Release;
		};
		212F48932977372A004C0308 /* Debug */ = {
			isa = XCBuildConfiguration;
			buildSettings = {
				CODE_SIGN_STYLE = Automatic;
				GCC_NO_COMMON_BLOCKS = NO;
				PRODUCT_NAME = "$(TARGET_NAME)";
			};
			name = Debug;
		};
		212F48942977372A004C0308 /* Release */ = {
			isa = XCBuildConfiguration;
			buildSettings = {
				CODE_SIGN_STYLE = Automatic;
				GCC_NO_COMMON_BLOCKS = NO;
				PRODUCT_NAME = "$(TARGET_NAME)";
			};
			name = Release;
		};
/* End XCBuildConfiguration section */

/* Begin XCConfigurationList section */
		212F488629773729004C0308 /* Build configuration list for PBXProject "rabbitgame" */ = {
			isa = XCConfigurationList;
			buildConfigurations = (
				212F48902977372A004C0308 /* Debug */,
				212F48912977372A004C0308 /* Release */,
			);
			defaultConfigurationIsVisible = 0;
			defaultConfigurationName = Release;
		};
		212F48922977372A004C0308 /* Build configuration list for PBXNativeTarget "rabbitgame" */ = {
			isa = XCConfigurationList;
			buildConfigurations = (
				212F48932977372A004C0308 /* Debug */,
				212F48942977372A004C0308 /* Release */,
			);
			defaultConfigurationIsVisible = 0;
			defaultConfigurationName = Release;
		};
/* End XCConfigurationList section */
	};
	rootObject = 212F488329773729004C0308 /* Project object */;
}
